# THIS IS AN AUTOGENERATED FILE. DO NOT EDIT THIS FILE DIRECTLY.
# yarn lockfile v1


accordion-collapse-react-native@^1.1.0:
  version "1.1.1"
  resolved "https://registry.yarnpkg.com/accordion-collapse-react-native/-/accordion-collapse-react-native-1.1.1.tgz#e5e3b00a2f75838f37f5b8ca19cf7d8ccad8404a"
  integrity sha512-VHQkJIlcN112YCa8L16OtXHZL0RRmozYnC4sP0ONBwNcmeiqBpacafQXiekwZzXT7HVbJwdrKlcJA5241XbVdw==
  dependencies:
    lodash.get "4.4.2"

lodash.get@4.4.2:
  version "4.4.2"
  resolved "https://registry.yarnpkg.com/lodash.get/-/lodash.get-4.4.2.tgz#2d177f652fa31e939b4438d5341499dfa3825e99"
  integrity sha512-z+Uw/vLuy6gQe8cfaFWD7p0wVv8fJl3mbzXh33RS+0oW2wvUqiRXiQ69gLWSLpgB5/6sU+r6BlQR0MBILadqTQ==
